
Microsoft Visual Studio Solution File, Format Version 12.00
# Visual Studio 15
VisualStudioVersion = 15.0.26730.12
MinimumVisualStudioVersion = 10.0.40219.1
Project("{FAE04EC0-301F-11D3-BF4B-00C04F79EFBC}") = "WordReverser", "WordReverser\WordReverser.csproj", "{8068D815-ED2E-4059-8693-E7B4C612F2D7}"
EndProject
Global
	GlobalSection(SolutionConfigurationPlatforms) = preSolution
		Debug|Any CPU = Debug|Any CPU
		Release|Any CPU = Release|Any CPU
	EndGlobalSection
	GlobalSection(ProjectConfigurationPlatforms) = postSolution
		{8068D815-ED2E-4059-8693-E7B4C612F2D7}.Debug|Any CPU.ActiveCfg = Debug|Any CPU
		{8068D815-ED2E-4059-8693-E7B4C612F2D7}.Debug|Any CPU.Build.0 = Debug|Any CPU
		{8068D815-ED2E-4059-8693-E7B4C612F2D7}.Release|Any CPU.ActiveCfg = Release|Any CPU
		{8068D815-ED2E-4059-8693-E7B4C612F2D7}.Release|Any CPU.Build.0 = Release|Any CPU
	EndGlobalSection
	GlobalSection(SolutionProperties) = preSolution
		HideSolutionNode = FALSE
	EndGlobalSection
	GlobalSection(ExtensibilityGlobals) = postSolution
		SolutionGuid = {85E91937-FB80-4F42-B425-FB6397D99402}
	EndGlobalSection
EndGlobal
